
Microsoft Visual Studio Solution File, Format Version 12.00
# Visual Studio Version 17
VisualStudioVersion = 17.9.34728.123
MinimumVisualStudioVersion = 10.0.40219.1
Project("{FAE04EC0-301F-11D3-BF4B-00C04F79EFBC}") = "frontend_desk", "frontend_desk.csproj", "{BAB8D040-5304-4325-812F-C544AED9ACE9}"
EndProject
Global
	GlobalSection(SolutionConfigurationPlatforms) = preSolution
		Debug|Any CPU = Debug|Any CPU
		Release|Any CPU = Release|Any CPU
	EndGlobalSection
	GlobalSection(ProjectConfigurationPlatforms) = postSolution
		{BAB8D040-5304-4325-812F-C544AED9ACE9}.Debug|Any CPU.ActiveCfg = Debug|Any CPU
		{BAB8D040-5304-4325-812F-C544AED9ACE9}.Debug|Any CPU.Build.0 = Debug|Any CPU
		{BAB8D040-5304-4325-812F-C544AED9ACE9}.Release|Any CPU.ActiveCfg = Release|Any CPU
		{BAB8D040-5304-4325-812F-C544AED9ACE9}.Release|Any CPU.Build.0 = Release|Any CPU
	EndGlobalSection
	GlobalSection(SolutionProperties) = preSolution
		HideSolutionNode = FALSE
	EndGlobalSection
	GlobalSection(ExtensibilityGlobals) = postSolution
		SolutionGuid = {B1CA3476-3723-4E31-969C-1B2E3CC0C633}
	EndGlobalSection
EndGlobal
